{
    "_meta": {
        "hash": {
            "sha256": "95f43cd991cca9186ffbf25da26ee355dfac33c4775290cd44798f0efad6f911"
        },
        "pipfile-spec": 6,
        "requires": {
            "python_version": "3.9"
        },
        "sources": [
            {
                "name": "pypi",
                "url": "https://pypi.org/simple",
                "verify_ssl": true
            }
        ]
    },
    "default": {
        "sorl-thumbnail": {
            "hashes": [
                "sha256:c56cd651feab3bdc415d5301600198e2e70c08234dad48b8f6cfa4746cc102c7",
                "sha256:fbe6dfd66a1aceb7e0203895ff5622775e50266f8d8cfd841fe1500bd3e19018"
            ],
            "index": "pypi",
            "version": "==12.7.0"
        }
    },
    "develop": {}
}
